
Microsoft Visual Studio Solution File, Format Version 12.00
# Visual Studio Version 17
VisualStudioVersion = 17.0.31903.59
MinimumVisualStudioVersion = 10.0.40219.1
Project("{9A19103F-16F7-4668-BE54-9A1E7A4F7556}") = "day_01", "day_01\day_01.csproj", "{DD3593ED-9443-44D8-9022-D1502BBC27B9}"
EndProject
Project("{9A19103F-16F7-4668-BE54-9A1E7A4F7556}") = "day_02", "day_02\day_02.csproj", "{334B12D9-7B90-4D47-AE92-2874A26ED131}"
EndProject
Project("{9A19103F-16F7-4668-BE54-9A1E7A4F7556}") = "aoc-tools", "aoc-tools\aoc-tools.csproj", "{D0F81D85-0CCE-4994-85AE-038A1AC696F0}"
EndProject
Project("{9A19103F-16F7-4668-BE54-9A1E7A4F7556}") = "day_03", "day_03\day_03.csproj", "{6F99785B-0ADC-4F13-A6DC-85FCF59B9D05}"
EndProject
Project("{9A19103F-16F7-4668-BE54-9A1E7A4F7556}") = "day_04", "day_04\day_04.csproj", "{45A02BF3-3272-4CD3-BB31-43D881C377ED}"
EndProject
Project("{9A19103F-16F7-4668-BE54-9A1E7A4F7556}") = "day_05", "day_05\day_05.csproj", "{0D44FD95-7DFB-4CFB-907F-D74CE456ED00}"
EndProject
Project("{9A19103F-16F7-4668-BE54-9A1E7A4F7556}") = "day_06", "day_06\day_06.csproj", "{C08FB394-9734-468F-AA6B-0BDBEE89905E}"
EndProject
Project("{9A19103F-16F7-4668-BE54-9A1E7A4F7556}") = "day_07", "day_07\day_07.csproj", "{3647BE50-6F08-4700-8243-FF03FF3AC527}"
EndProject
Project("{9A19103F-16F7-4668-BE54-9A1E7A4F7556}") = "day_08", "day_08\day_08.csproj", "{F876A6FF-F739-441F-B0D4-50F9A31C4789}"
EndProject
Project("{9A19103F-16F7-4668-BE54-9A1E7A4F7556}") = "day_09", "day_09\day_09.csproj", "{49513AD1-791C-44AF-B46F-4078309FEB7E}"
EndProject
Project("{FAE04EC0-301F-11D3-BF4B-00C04F79EFBC}") = "day_10", "day_10\day_10.csproj", "{8CE786C6-AC8E-400B-A50F-B5BB89BC204A}"
EndProject
Project("{FAE04EC0-301F-11D3-BF4B-00C04F79EFBC}") = "day_11", "day_11\day_11.csproj", "{13486BF8-242F-4AB5-8068-C8AFB58A115D}"
EndProject
Global
	GlobalSection(SolutionConfigurationPlatforms) = preSolution
		Debug|Any CPU = Debug|Any CPU
		Release|Any CPU = Release|Any CPU
	EndGlobalSection
	GlobalSection(ProjectConfigurationPlatforms) = postSolution
		{DD3593ED-9443-44D8-9022-D1502BBC27B9}.Debug|Any CPU.ActiveCfg = Debug|Any CPU
		{DD3593ED-9443-44D8-9022-D1502BBC27B9}.Debug|Any CPU.Build.0 = Debug|Any CPU
		{DD3593ED-9443-44D8-9022-D1502BBC27B9}.Release|Any CPU.ActiveCfg = Release|Any CPU
		{DD3593ED-9443-44D8-9022-D1502BBC27B9}.Release|Any CPU.Build.0 = Release|Any CPU
		{334B12D9-7B90-4D47-AE92-2874A26ED131}.Debug|Any CPU.ActiveCfg = Debug|Any CPU
		{334B12D9-7B90-4D47-AE92-2874A26ED131}.Debug|Any CPU.Build.0 = Debug|Any CPU
		{334B12D9-7B90-4D47-AE92-2874A26ED131}.Release|Any CPU.ActiveCfg = Release|Any CPU
		{334B12D9-7B90-4D47-AE92-2874A26ED131}.Release|Any CPU.Build.0 = Release|Any CPU
		{D0F81D85-0CCE-4994-85AE-038A1AC696F0}.Debug|Any CPU.ActiveCfg = Debug|Any CPU
		{D0F81D85-0CCE-4994-85AE-038A1AC696F0}.Debug|Any CPU.Build.0 = Debug|Any CPU
		{D0F81D85-0CCE-4994-85AE-038A1AC696F0}.Release|Any CPU.ActiveCfg = Release|Any CPU
		{D0F81D85-0CCE-4994-85AE-038A1AC696F0}.Release|Any CPU.Build.0 = Release|Any CPU
		{6F99785B-0ADC-4F13-A6DC-85FCF59B9D05}.Debug|Any CPU.ActiveCfg = Debug|Any CPU
		{6F99785B-0ADC-4F13-A6DC-85FCF59B9D05}.Debug|Any CPU.Build.0 = Debug|Any CPU
		{6F99785B-0ADC-4F13-A6DC-85FCF59B9D05}.Release|Any CPU.ActiveCfg = Release|Any CPU
		{6F99785B-0ADC-4F13-A6DC-85FCF59B9D05}.Release|Any CPU.Build.0 = Release|Any CPU
		{45A02BF3-3272-4CD3-BB31-43D881C377ED}.Debug|Any CPU.ActiveCfg = Debug|Any CPU
		{45A02BF3-3272-4CD3-BB31-43D881C377ED}.Debug|Any CPU.Build.0 = Debug|Any CPU
		{45A02BF3-3272-4CD3-BB31-43D881C377ED}.Release|Any CPU.ActiveCfg = Release|Any CPU
		{45A02BF3-3272-4CD3-BB31-43D881C377ED}.Release|Any CPU.Build.0 = Release|Any CPU
		{0D44FD95-7DFB-4CFB-907F-D74CE456ED00}.Debug|Any CPU.ActiveCfg = Debug|Any CPU
		{0D44FD95-7DFB-4CFB-907F-D74CE456ED00}.Debug|Any CPU.Build.0 = Debug|Any CPU
		{0D44FD95-7DFB-4CFB-907F-D74CE456ED00}.Release|Any CPU.ActiveCfg = Release|Any CPU
		{0D44FD95-7DFB-4CFB-907F-D74CE456ED00}.Release|Any CPU.Build.0 = Release|Any CPU
		{C08FB394-9734-468F-AA6B-0BDBEE89905E}.Debug|Any CPU.ActiveCfg = Debug|Any CPU
		{C08FB394-9734-468F-AA6B-0BDBEE89905E}.Debug|Any CPU.Build.0 = Debug|Any CPU
		{C08FB394-9734-468F-AA6B-0BDBEE89905E}.Release|Any CPU.ActiveCfg = Release|Any CPU
		{C08FB394-9734-468F-AA6B-0BDBEE89905E}.Release|Any CPU.Build.0 = Release|Any CPU
		{3647BE50-6F08-4700-8243-FF03FF3AC527}.Debug|Any CPU.ActiveCfg = Debug|Any CPU
		{3647BE50-6F08-4700-8243-FF03FF3AC527}.Debug|Any CPU.Build.0 = Debug|Any CPU
		{3647BE50-6F08-4700-8243-FF03FF3AC527}.Release|Any CPU.ActiveCfg = Release|Any CPU
		{3647BE50-6F08-4700-8243-FF03FF3AC527}.Release|Any CPU.Build.0 = Release|Any CPU
		{F876A6FF-F739-441F-B0D4-50F9A31C4789}.Debug|Any CPU.ActiveCfg = Debug|Any CPU
		{F876A6FF-F739-441F-B0D4-50F9A31C4789}.Debug|Any CPU.Build.0 = Debug|Any CPU
		{F876A6FF-F739-441F-B0D4-50F9A31C4789}.Release|Any CPU.ActiveCfg = Release|Any CPU
		{F876A6FF-F739-441F-B0D4-50F9A31C4789}.Release|Any CPU.Build.0 = Release|Any CPU
		{49513AD1-791C-44AF-B46F-4078309FEB7E}.Debug|Any CPU.ActiveCfg = Debug|Any CPU
		{49513AD1-791C-44AF-B46F-4078309FEB7E}.Debug|Any CPU.Build.0 = Debug|Any CPU
		{49513AD1-791C-44AF-B46F-4078309FEB7E}.Release|Any CPU.ActiveCfg = Release|Any CPU
		{49513AD1-791C-44AF-B46F-4078309FEB7E}.Release|Any CPU.Build.0 = Release|Any CPU
		{8CE786C6-AC8E-400B-A50F-B5BB89BC204A}.Debug|Any CPU.ActiveCfg = Debug|Any CPU
		{8CE786C6-AC8E-400B-A50F-B5BB89BC204A}.Debug|Any CPU.Build.0 = Debug|Any CPU
		{8CE786C6-AC8E-400B-A50F-B5BB89BC204A}.Release|Any CPU.ActiveCfg = Release|Any CPU
		{8CE786C6-AC8E-400B-A50F-B5BB89BC204A}.Release|Any CPU.Build.0 = Release|Any CPU
		{13486BF8-242F-4AB5-8068-C8AFB58A115D}.Debug|Any CPU.ActiveCfg = Debug|Any CPU
		{13486BF8-242F-4AB5-8068-C8AFB58A115D}.Debug|Any CPU.Build.0 = Debug|Any CPU
		{13486BF8-242F-4AB5-8068-C8AFB58A115D}.Release|Any CPU.ActiveCfg = Release|Any CPU
		{13486BF8-242F-4AB5-8068-C8AFB58A115D}.Release|Any CPU.Build.0 = Release|Any CPU
	EndGlobalSection
	GlobalSection(SolutionProperties) = preSolution
		HideSolutionNode = FALSE
	EndGlobalSection
	GlobalSection(ExtensibilityGlobals) = postSolution
		SolutionGuid = {5754E5A4-973E-4127-BDCD-3312E9B60FDB}
	EndGlobalSection
EndGlobal
